// !$*UTF8*$!
{
	archiveVersion = 1;
	classes = {
	};
	objectVersion = 56;
	objects = {

/* Begin PBXBuildFile section */
		11A000000000000000000001 /* SiriRemoteMicDriver.cpp in Sources */ = {isa = PBXBuildFile; fileRef = 11B000000000000000000001 /* SiriRemoteMicDriver.cpp */; };
		11A000000000000000000002 /* SiriRemoteMicDriver.iig in Sources */ = {isa = PBXBuildFile; fileRef = 11B000000000000000000002 /* SiriRemoteMicDriver.iig */; };
		11A000000000000000000003 /* DriverKit.framework in Frameworks */ = {isa = PBXBuildFile; fileRef = 11B000000000000000000005 /* DriverKit.framework */; };
		11A000000000000000000004 /* HIDDriverKit.framework in Frameworks */ = {isa = PBXBuildFile; fileRef = 11B000000000000000000006 /* HIDDriverKit.framework */; };
/* End PBXBuildFile section */

/* Begin PBXFileReference section */
		11B000000000000000000001 /* SiriRemoteMicDriver.cpp */ = {isa = PBXFileReference; lastKnownFileType = sourcecode.cpp.cpp; path = SiriRemoteMicDriver.cpp; sourceTree = "<group>"; };
		11B000000000000000000002 /* SiriRemoteMicDriver.iig */ = {isa = PBXFileReference; lastKnownFileType = sourcecode.iig; path = SiriRemoteMicDriver.iig; sourceTree = "<group>"; };
		11B000000000000000000003 /* Info.plist */ = {isa = PBXFileReference; lastKnownFileType = text.plist.xml; path = Info.plist; sourceTree = "<group>"; };
		11B000000000000000000004 /* SiriRemoteMicDriver.entitlements */ = {isa = PBXFileReference; lastKnownFileType = text.plist.entitlements; path = SiriRemoteMicDriver.entitlements; sourceTree = "<group>"; };
		11B000000000000000000005 /* DriverKit.framework */ = {isa = PBXFileReference; lastKnownFileType = wrapper.framework; name = DriverKit.framework; path = System/DriverKit/System/Library/Frameworks/DriverKit.framework; sourceTree = SDKROOT; };
		11B000000000000000000006 /* HIDDriverKit.framework */ = {isa = PBXFileReference; lastKnownFileType = wrapper.framework; name = HIDDriverKit.framework; path = System/DriverKit/System/Library/Frameworks/HIDDriverKit.framework; sourceTree = SDKROOT; };
		11B000000000000000000007 /* com.hypervibe.SiriRemoteMicDriver.dext */ = {isa = PBXFileReference; explicitFileType = wrapper.driver-extension; includeInIndex = 0; path = com.hypervibe.SiriRemoteMicDriver.dext; sourceTree = BUILT_PRODUCTS_DIR; };
/* End PBXFileReference section */

/* Begin PBXFrameworksBuildPhase section */
		11C000000000000000000001 /* Frameworks */ = {
			isa = PBXFrameworksBuildPhase;
			buildActionMask = 2147483647;
			files = (
				11A000000000000000000003 /* DriverKit.framework in Frameworks */,
				11A000000000000000000004 /* HIDDriverKit.framework in Frameworks */,
			);
			runOnlyForDeploymentPostprocessing = 0;
		};
/* End PBXFrameworksBuildPhase section */

/* Begin PBXGroup section */
		11D000000000000000000001 = {
			isa = PBXGroup;
			children = (
				11D000000000000000000002 /* SiriRemoteMicDriver */,
				11D000000000000000000003 /* Frameworks */,
				11D000000000000000000004 /* Products */,
			);
			sourceTree = "<group>";
		};
		11D000000000000000000002 /* SiriRemoteMicDriver */ = {
			isa = PBXGroup;
			children = (
				11B000000000000000000001 /* SiriRemoteMicDriver.cpp */,
				11B000000000000000000002 /* SiriRemoteMicDriver.iig */,
				11B000000000000000000003 /* Info.plist */,
				11B000000000000000000004 /* SiriRemoteMicDriver.entitlements */,
			);
			path = SiriRemoteMicDriver;
			sourceTree = "<group>";
		};
		11D000000000000000000003 /* Frameworks */ = {
			isa = PBXGroup;
			children = (
				11B000000000000000000005 /* DriverKit.framework */,
				11B000000000000000000006 /* HIDDriverKit.framework */,
			);
			name = Frameworks;
			sourceTree = "<group>";
		};
		11D000000000000000000004 /* Products */ = {
			isa = PBXGroup;
			children = (
				11B000000000000000000007 /* com.hypervibe.SiriRemoteMicDriver.dext */,
			);
			name = Products;
			sourceTree = "<group>";
		};
/* End PBXGroup section */

/* Begin PBXNativeTarget section */
		11E000000000000000000001 /* SiriRemoteMicDriver */ = {
			isa = PBXNativeTarget;
			buildConfigurationList = 11F000000000000000000002 /* Build configuration list for PBXNativeTarget "SiriRemoteMicDriver" */;
			buildPhases = (
				11C000000000000000000002 /* Sources */,
				11C000000000000000000001 /* Frameworks */,
			);
			buildRules = (
			);
			dependencies = (
			);
			name = SiriRemoteMicDriver;
			productName = SiriRemoteMicDriver;
			productReference = 11B000000000000000000007 /* com.hypervibe.SiriRemoteMicDriver.dext */;
			productType = "com.apple.product-type.driver-extension";
		};
/* End PBXNativeTarget section */

/* Begin PBXProject section */
		11E000000000000000000002 /* Project object */ = {
			isa = PBXProject;
			attributes = {
				BuildIndependentTargetsInParallel = 1;
				LastUpgradeCheck = 2650;
				TargetAttributes = {
					11E000000000000000000001 = {
						CreatedOnToolsVersion = 26.5;
					};
				};
			};
			buildConfigurationList = 11F000000000000000000001 /* Build configuration list for PBXProject "SiriRemoteMicDriver" */;
			compatibilityVersion = "Xcode 14.0";
			developmentRegion = en;
			hasScannedForEncodings = 0;
			knownRegions = (
				en,
				Base,
			);
			mainGroup = 11D000000000000000000001;
			productRefGroup = 11D000000000000000000004 /* Products */;
			projectDirPath = "";
			projectRoot = "";
			targets = (
				11E000000000000000000001 /* SiriRemoteMicDriver */,
			);
		};
/* End PBXProject section */

/* Begin PBXSourcesBuildPhase section */
		11C000000000000000000002 /* Sources */ = {
			isa = PBXSourcesBuildPhase;
			buildActionMask = 2147483647;
			files = (
				11A000000000000000000001 /* SiriRemoteMicDriver.cpp in Sources */,
				11A000000000000000000002 /* SiriRemoteMicDriver.iig in Sources */,
			);
			runOnlyForDeploymentPostprocessing = 0;
		};
/* End PBXSourcesBuildPhase section */

/* Begin XCBuildConfiguration section */
		11F000000000000000000003 /* Debug */ = {
			isa = XCBuildConfiguration;
			buildSettings = {
				ALWAYS_SEARCH_USER_PATHS = NO;
				CLANG_CXX_LANGUAGE_STANDARD = "gnu++20";
				CLANG_ENABLE_MODULES = YES;
				CLANG_ENABLE_OBJC_ARC = YES;
				COPY_PHASE_STRIP = NO;
				DEBUG_INFORMATION_FORMAT = dwarf;
				ENABLE_TESTABILITY = YES;
				GCC_C_LANGUAGE_STANDARD = gnu11;
				GCC_OPTIMIZATION_LEVEL = 0;
				GCC_PREPROCESSOR_DEFINITIONS = (
					"DEBUG=1",
					"$(inherited)",
				);
				GCC_TREAT_WARNINGS_AS_ERRORS = YES;
				ONLY_ACTIVE_ARCH = YES;
				WARNING_CFLAGS = (
					"-Wall",
					"-Wextra",
				);
			};
			name = Debug;
		};
		11F000000000000000000004 /* Release */ = {
			isa = XCBuildConfiguration;
			buildSettings = {
				ALWAYS_SEARCH_USER_PATHS = NO;
				CLANG_CXX_LANGUAGE_STANDARD = "gnu++20";
				CLANG_ENABLE_MODULES = YES;
				CLANG_ENABLE_OBJC_ARC = YES;
				COPY_PHASE_STRIP = NO;
				DEBUG_INFORMATION_FORMAT = "dwarf-with-dsym";
				GCC_C_LANGUAGE_STANDARD = gnu11;
				GCC_TREAT_WARNINGS_AS_ERRORS = YES;
				ONLY_ACTIVE_ARCH = NO;
				WARNING_CFLAGS = (
					"-Wall",
					"-Wextra",
				);
			};
			name = Release;
		};
		11F000000000000000000005 /* Debug */ = {
			isa = XCBuildConfiguration;
			buildSettings = {
				ARCHS = arm64;
				CODE_SIGN_ENTITLEMENTS = SiriRemoteMicDriver/SiriRemoteMicDriver.entitlements;
				CODE_SIGN_STYLE = Manual;
				CURRENT_PROJECT_VERSION = 2;
				DRIVERKIT_DEPLOYMENT_TARGET = 25.5;
				INFOPLIST_FILE = SiriRemoteMicDriver/Info.plist;
				PRODUCT_BUNDLE_IDENTIFIER = com.hypervibe.SiriRemoteMicDriver;
				PRODUCT_NAME = "$(PRODUCT_BUNDLE_IDENTIFIER)";
				SDKROOT = driverkit;
				SKIP_INSTALL = YES;
				VERSIONING_SYSTEM = "apple-generic";
			};
			name = Debug;
		};
		11F000000000000000000006 /* Release */ = {
			isa = XCBuildConfiguration;
			buildSettings = {
				ARCHS = arm64;
				CODE_SIGN_ENTITLEMENTS = SiriRemoteMicDriver/SiriRemoteMicDriver.entitlements;
				CODE_SIGN_STYLE = Manual;
				CURRENT_PROJECT_VERSION = 2;
				DRIVERKIT_DEPLOYMENT_TARGET = 25.5;
				INFOPLIST_FILE = SiriRemoteMicDriver/Info.plist;
				PRODUCT_BUNDLE_IDENTIFIER = com.hypervibe.SiriRemoteMicDriver;
				PRODUCT_NAME = "$(PRODUCT_BUNDLE_IDENTIFIER)";
				SDKROOT = driverkit;
				SKIP_INSTALL = YES;
				VERSIONING_SYSTEM = "apple-generic";
			};
			name = Release;
		};
/* End XCBuildConfiguration section */

/* Begin XCConfigurationList section */
		11F000000000000000000001 /* Build configuration list for PBXProject "SiriRemoteMicDriver" */ = {
			isa = XCConfigurationList;
			buildConfigurations = (
				11F000000000000000000003 /* Debug */,
				11F000000000000000000004 /* Release */,
			);
			defaultConfigurationIsVisible = 0;
			defaultConfigurationName = Debug;
		};
		11F000000000000000000002 /* Build configuration list for PBXNativeTarget "SiriRemoteMicDriver" */ = {
			isa = XCConfigurationList;
			buildConfigurations = (
				11F000000000000000000005 /* Debug */,
				11F000000000000000000006 /* Release */,
			);
			defaultConfigurationIsVisible = 0;
			defaultConfigurationName = Debug;
		};
/* End XCConfigurationList section */
	};
	rootObject = 11E000000000000000000002 /* Project object */;
}
